
Microsoft Visual Studio Solution File, Format Version 12.00
# Visual Studio Version 16
VisualStudioVersion = 16.0.31105.61
MinimumVisualStudioVersion = 10.0.40219.1
Project("{FAE04EC0-301F-11D3-BF4B-00C04F79EFBC}") = "TodoApp", "TodoApp\TodoApp.csproj", "{BC29D675-7EEA-44D8-82B3-C784D389CC2E}"
EndProject
Global
	GlobalSection(SolutionConfigurationPlatforms) = preSolution
		Debug|Any CPU = Debug|Any CPU
		Release|Any CPU = Release|Any CPU
	EndGlobalSection
	GlobalSection(ProjectConfigurationPlatforms) = postSolution
		{BC29D675-7EEA-44D8-82B3-C784D389CC2E}.Debug|Any CPU.ActiveCfg = Debug|Any CPU
		{BC29D675-7EEA-44D8-82B3-C784D389CC2E}.Debug|Any CPU.Build.0 = Debug|Any CPU
		{BC29D675-7EEA-44D8-82B3-C784D389CC2E}.Release|Any CPU.ActiveCfg = Release|Any CPU
		{BC29D675-7EEA-44D8-82B3-C784D389CC2E}.Release|Any CPU.Build.0 = Release|Any CPU
	EndGlobalSection
	GlobalSection(SolutionProperties) = preSolution
		HideSolutionNode = FALSE
	EndGlobalSection
	GlobalSection(ExtensibilityGlobals) = postSolution
		SolutionGuid = {E76CB05D-8A52-43A1-BF37-B5E84CE9475E}
	EndGlobalSection
EndGlobal
